
Microsoft Visual Studio Solution File, Format Version 12.00
# Visual Studio Version 17
VisualStudioVersion = 17.5.33516.290
MinimumVisualStudioVersion = 10.0.40219.1
Project("{8BC9CEB8-8B4A-11D0-8D11-00A0C91BC942}") = "IG-3-2", "IG-3-2\IG-3-2.vcxproj", "{6F3EDAF3-1BDD-45E2-8BDF-B0E57AC14DDA}"
EndProject
Global
	GlobalSection(SolutionConfigurationPlatforms) = preSolution
		Debug|x64 = Debug|x64
		Debug|x86 = Debug|x86
		Release|x64 = Release|x64
		Release|x86 = Release|x86
	EndGlobalSection
	GlobalSection(ProjectConfigurationPlatforms) = postSolution
		{6F3EDAF3-1BDD-45E2-8BDF-B0E57AC14DDA}.Debug|x64.ActiveCfg = Debug|x64
		{6F3EDAF3-1BDD-45E2-8BDF-B0E57AC14DDA}.Debug|x64.Build.0 = Debug|x64
		{6F3EDAF3-1BDD-45E2-8BDF-B0E57AC14DDA}.Debug|x86.ActiveCfg = Debug|Win32
		{6F3EDAF3-1BDD-45E2-8BDF-B0E57AC14DDA}.Debug|x86.Build.0 = Debug|Win32
		{6F3EDAF3-1BDD-45E2-8BDF-B0E57AC14DDA}.Release|x64.ActiveCfg = Release|x64
		{6F3EDAF3-1BDD-45E2-8BDF-B0E57AC14DDA}.Release|x64.Build.0 = Release|x64
		{6F3EDAF3-1BDD-45E2-8BDF-B0E57AC14DDA}.Release|x86.ActiveCfg = Release|Win32
		{6F3EDAF3-1BDD-45E2-8BDF-B0E57AC14DDA}.Release|x86.Build.0 = Release|Win32
	EndGlobalSection
	GlobalSection(SolutionProperties) = preSolution
		HideSolutionNode = FALSE
	EndGlobalSection
	GlobalSection(ExtensibilityGlobals) = postSolution
		SolutionGuid = {0B5F3012-0DD2-4165-954B-B87438356303}
	EndGlobalSection
EndGlobal
